
Microsoft Visual Studio Solution File, Format Version 12.00
# Visual Studio Version 16
VisualStudioVersion = 16.0.29926.136
MinimumVisualStudioVersion = 10.0.40219.1
Project("{FAE04EC0-301F-11D3-BF4B-00C04F79EFBC}") = "UPBEats", "UPBEats.csproj", "{7819380F-9313-417F-BE68-C7223DA03FC3}"
EndProject
Global
	GlobalSection(SolutionConfigurationPlatforms) = preSolution
		Debug|Any CPU = Debug|Any CPU
		Release|Any CPU = Release|Any CPU
	EndGlobalSection
	GlobalSection(ProjectConfigurationPlatforms) = postSolution
		{7819380F-9313-417F-BE68-C7223DA03FC3}.Debug|Any CPU.ActiveCfg = Debug|Any CPU
		{7819380F-9313-417F-BE68-C7223DA03FC3}.Debug|Any CPU.Build.0 = Debug|Any CPU
		{7819380F-9313-417F-BE68-C7223DA03FC3}.Release|Any CPU.ActiveCfg = Release|Any CPU
		{7819380F-9313-417F-BE68-C7223DA03FC3}.Release|Any CPU.Build.0 = Release|Any CPU
	EndGlobalSection
	GlobalSection(SolutionProperties) = preSolution
		HideSolutionNode = FALSE
	EndGlobalSection
	GlobalSection(ExtensibilityGlobals) = postSolution
		SolutionGuid = {80001472-9C9E-4198-BC2A-B820F73A50C1}
	EndGlobalSection
EndGlobal
